// !$*UTF8*$!
{
	archiveVersion = 1;
	classes = {
	};
	objectVersion = 50;
	objects = {

/* Begin PBXBuildFile section */
		84B1A78921528F9D00B604E3 /* AppDelegate.swift in Sources */ = {isa = PBXBuildFile; fileRef = 84B1A78821528F9D00B604E3 /* AppDelegate.swift */; };
		84B1A78B21528F9D00B604E3 /* ViewController.swift in Sources */ = {isa = PBXBuildFile; fileRef = 84B1A78A21528F9D00B604E3 /* ViewController.swift */; };
		84B1A78E21528F9D00B604E3 /* Main.storyboard in Resources */ = {isa = PBXBuildFile; fileRef = 84B1A78C21528F9D00B604E3 /* Main.storyboard */; };
		84B1A79021528FAD00B604E3 /* Assets.xcassets in Resources */ = {isa = PBXBuildFile; fileRef = 84B1A78F21528FAD00B604E3 /* Assets.xcassets */; };
		84B1A79321528FAD00B604E3 /* LaunchScreen.storyboard in Resources */ = {isa = PBXBuildFile; fileRef = 84B1A79121528FAD00B604E3 /* LaunchScreen.storyboard */; };
		84B1A79E21528FAD00B604E3 /* ConcentrationTests.swift in Sources */ = {isa = PBXBuildFile; fileRef = 84B1A79D21528FAD00B604E3 /* ConcentrationTests.swift */; };
		84B1A7A921528FAD00B604E3 /* ConcentrationUITests.swift in Sources */ = {isa = PBXBuildFile; fileRef = 84B1A7A821528FAD00B604E3 /* ConcentrationUITests.swift */; };
		84C440E02152EAFA00D6DCEE /* Card.swift in Sources */ = {isa = PBXBuildFile; fileRef = 84C440DF2152EAFA00D6DCEE /* Card.swift */; };
		84C440E22152F1FF00D6DCEE /* Concentration.swift in Sources */ = {isa = PBXBuildFile; fileRef = 84C440E12152F1FF00D6DCEE /* Concentration.swift */; };
/* End PBXBuildFile section */

/* Begin PBXContainerItemProxy section */
		84B1A79A21528FAD00B604E3 /* PBXContainerItemProxy */ = {
			isa = PBXContainerItemProxy;
			containerPortal = 84B1A77D21528F9C00B604E3 /* Project object */;
			proxyType = 1;
			remoteGlobalIDString = 84B1A78421528F9D00B604E3;
			remoteInfo = Concentration;
		};
		84B1A7A521528FAD00B604E3 /* PBXContainerItemProxy */ = {
			isa = PBXContainerItemProxy;
			containerPortal = 84B1A77D21528F9C00B604E3 /* Project object */;
			proxyType = 1;
			remoteGlobalIDString = 84B1A78421528F9D00B604E3;
			remoteInfo = Concentration;
		};
/* End PBXContainerItemProxy section */

/* Begin PBXFileReference section */
		84B1A78521528F9D00B604E3 /* Concentration.app */ = {isa = PBXFileReference; explicitFileType = wrapper.application; includeInIndex = 0; path = Concentration.app; sourceTree = BUILT_PRODUCTS_DIR; };
		84B1A78821528F9D00B604E3 /* AppDelegate.swift */ = {isa = PBXFileReference; lastKnownFileType = sourcecode.swift; path = AppDelegate.swift; sourceTree = "<group>"; };
		84B1A78A21528F9D00B604E3 /* ViewController.swift */ = {isa = PBXFileReference; lastKnownFileType = sourcecode.swift; path = ViewController.swift; sourceTree = "<group>"; };
		84B1A78D21528F9D00B604E3 /* Base */ = {isa = PBXFileReference; lastKnownFileType = file.storyboard; name = Base; path = Base.lproj/Main.storyboard; sourceTree = "<group>"; };
		84B1A78F21528FAD00B604E3 /* Assets.xcassets */ = {isa = PBXFileReference; lastKnownFileType = folder.assetcatalog; path = Assets.xcassets; sourceTree = "<group>"; };
		84B1A79221528FAD00B604E3 /* Base */ = {isa = PBXFileReference; lastKnownFileType = file.storyboard; name = Base; path = Base.lproj/LaunchScreen.storyboard; sourceTree = "<group>"; };
		84B1A79421528FAD00B604E3 /* Info.plist */ = {isa = PBXFileReference; lastKnownFileType = text.plist.xml; path = Info.plist; sourceTree = "<group>"; };
		84B1A79921528FAD00B604E3 /* ConcentrationTests.xctest */ = {isa = PBXFileReference; explicitFileType = wrapper.cfbundle; includeInIndex = 0; path = ConcentrationTests.xctest; sourceTree = BUILT_PRODUCTS_DIR; };
		84B1A79D21528FAD00B604E3 /* ConcentrationTests.swift */ = {isa = PBXFileReference; lastKnownFileType = sourcecode.swift; path = ConcentrationTests.swift; sourceTree = "<group>"; };
		84B1A79F21528FAD00B604E3 /* Info.plist */ = {isa = PBXFileReference; lastKnownFileType = text.plist.xml; path = Info.plist; sourceTree = "<group>"; };
		84B1A7A421528FAD00B604E3 /* ConcentrationUITests.xctest */ = {isa = PBXFileReference; explicitFileType = wrapper.cfbundle; includeInIndex = 0; path = ConcentrationUITests.xctest; sourceTree = BUILT_PRODUCTS_DIR; };
		84B1A7A821528FAD00B604E3 /* ConcentrationUITests.swift */ = {isa = PBXFileReference; lastKnownFileType = sourcecode.swift; path = ConcentrationUITests.swift; sourceTree = "<group>"; };
		84B1A7AA21528FAD00B604E3 /* Info.plist */ = {isa = PBXFileReference; lastKnownFileType = text.plist.xml; path = Info.plist; sourceTree = "<group>"; };
		84C440DF2152EAFA00D6DCEE /* Card.swift */ = {isa = PBXFileReference; lastKnownFileType = sourcecode.swift; path = Card.swift; sourceTree = "<group>"; };
		84C440E12152F1FF00D6DCEE /* Concentration.swift */ = {isa = PBXFileReference; lastKnownFileType = sourcecode.swift; path = Concentration.swift; sourceTree = "<group>"; };
/* End PBXFileReference section */

/* Begin PBXFrameworksBuildPhase section */
		84B1A78221528F9D00B604E3 /* Frameworks */ = {
			isa = PBXFrameworksBuildPhase;
			buildActionMask = 2147483647;
			files = (
			);
			runOnlyForDeploymentPostprocessing = 0;
		};
		84B1A79621528FAD00B604E3 /* Frameworks */ = {
			isa = PBXFrameworksBuildPhase;
			buildActionMask = 2147483647;
			files = (
			);
			runOnlyForDeploymentPostprocessing = 0;
		};
		84B1A7A121528FAD00B604E3 /* Frameworks */ = {
			isa = PBXFrameworksBuildPhase;
			buildActionMask = 2147483647;
			files = (
			);
			runOnlyForDeploymentPostprocessing = 0;
		};
/* End PBXFrameworksBuildPhase section */

/* Begin PBXGroup section */
		84B1A77C21528F9C00B604E3 = {
			isa = PBXGroup;
			children = (
				84B1A78721528F9D00B604E3 /* Concentration */,
				84B1A79C21528FAD00B604E3 /* ConcentrationTests */,
				84B1A7A721528FAD00B604E3 /* ConcentrationUITests */,
				84B1A78621528F9D00B604E3 /* Products */,
			);
			sourceTree = "<group>";
		};
		84B1A78621528F9D00B604E3 /* Products */ = {
			isa = PBXGroup;
			children = (
				84B1A78521528F9D00B604E3 /* Concentration.app */,
				84B1A79921528FAD00B604E3 /* ConcentrationTests.xctest */,
				84B1A7A421528FAD00B604E3 /* ConcentrationUITests.xctest */,
			);
			name = Products;
			sourceTree = "<group>";
		};
		84B1A78721528F9D00B604E3 /* Concentration */ = {
			isa = PBXGroup;
			children = (
				84B1A7B62152900000B604E3 /* Supporting Files */,
				84B1A78A21528F9D00B604E3 /* ViewController.swift */,
				84B1A78C21528F9D00B604E3 /* Main.storyboard */,
				84B1A79421528FAD00B604E3 /* Info.plist */,
				84C440DF2152EAFA00D6DCEE /* Card.swift */,
				84C440E12152F1FF00D6DCEE /* Concentration.swift */,
			);
			path = Concentration;
			sourceTree = "<group>";
		};
		84B1A79C21528FAD00B604E3 /* ConcentrationTests */ = {
			isa = PBXGroup;
			children = (
				84B1A79D21528FAD00B604E3 /* ConcentrationTests.swift */,
				84B1A79F21528FAD00B604E3 /* Info.plist */,
			);
			path = ConcentrationTests;
			sourceTree = "<group>";
		};
		84B1A7A721528FAD00B604E3 /* ConcentrationUITests */ = {
			isa = PBXGroup;
			children = (
				84B1A7A821528FAD00B604E3 /* ConcentrationUITests.swift */,
				84B1A7AA21528FAD00B604E3 /* Info.plist */,
			);
			path = ConcentrationUITests;
			sourceTree = "<group>";
		};
		84B1A7B62152900000B604E3 /* Supporting Files */ = {
			isa = PBXGroup;
			children = (
				84B1A78821528F9D00B604E3 /* AppDelegate.swift */,
				84B1A78F21528FAD00B604E3 /* Assets.xcassets */,
				84B1A79121528FAD00B604E3 /* LaunchScreen.storyboard */,
			);
			path = "Supporting Files";
			sourceTree = "<group>";
		};
/* End PBXGroup section */

/* Begin PBXNativeTarget section */
		84B1A78421528F9D00B604E3 /* Concentration */ = {
			isa = PBXNativeTarget;
			buildConfigurationList = 84B1A7AD21528FAD00B604E3 /* Build configuration list for PBXNativeTarget "Concentration" */;
			buildPhases = (
				84B1A78121528F9D00B604E3 /* Sources */,
				84B1A78221528F9D00B604E3 /* Frameworks */,
				84B1A78321528F9D00B604E3 /* Resources */,
			);
			buildRules = (
			);
			dependencies = (
			);
			name = Concentration;
			productName = Concentration;
			productReference = 84B1A78521528F9D00B604E3 /* Concentration.app */;
			productType = "com.apple.product-type.application";
		};
		84B1A79821528FAD00B604E3 /* ConcentrationTests */ = {
			isa = PBXNativeTarget;
			buildConfigurationList = 84B1A7B021528FAD00B604E3 /* Build configuration list for PBXNativeTarget "ConcentrationTests" */;
			buildPhases = (
				84B1A79521528FAD00B604E3 /* Sources */,
				84B1A79621528FAD00B604E3 /* Frameworks */,
				84B1A79721528FAD00B604E3 /* Resources */,
			);
			buildRules = (
			);
			dependencies = (
				84B1A79B21528FAD00B604E3 /* PBXTargetDependency */,
			);
			name = ConcentrationTests;
			productName = ConcentrationTests;
			productReference = 84B1A79921528FAD00B604E3 /* ConcentrationTests.xctest */;
			productType = "com.apple.product-type.bundle.unit-test";
		};
		84B1A7A321528FAD00B604E3 /* ConcentrationUITests */ = {
			isa = PBXNativeTarget;
			buildConfigurationList = 84B1A7B321528FAD00B604E3 /* Build configuration list for PBXNativeTarget "ConcentrationUITests" */;
			buildPhases = (
				84B1A7A021528FAD00B604E3 /* Sources */,
				84B1A7A121528FAD00B604E3 /* Frameworks */,
				84B1A7A221528FAD00B604E3 /* Resources */,
			);
			buildRules = (
			);
			dependencies = (
				84B1A7A621528FAD00B604E3 /* PBXTargetDependency */,
			);
			name = ConcentrationUITests;
			productName = ConcentrationUITests;
			productReference = 84B1A7A421528FAD00B604E3 /* ConcentrationUITests.xctest */;
			productType = "com.apple.product-type.bundle.ui-testing";
		};
/* End PBXNativeTarget section */

/* Begin PBXProject section */
		84B1A77D21528F9C00B604E3 /* Project object */ = {
			isa = PBXProject;
			attributes = {
				LastSwiftUpdateCheck = 0930;
				LastUpgradeCheck = 0930;
				ORGANIZATIONNAME = Max;
				TargetAttributes = {
					84B1A78421528F9D00B604E3 = {
						CreatedOnToolsVersion = 9.3.1;
					};
					84B1A79821528FAD00B604E3 = {
						CreatedOnToolsVersion = 9.3.1;
						TestTargetID = 84B1A78421528F9D00B604E3;
					};
					84B1A7A321528FAD00B604E3 = {
						CreatedOnToolsVersion = 9.3.1;
						TestTargetID = 84B1A78421528F9D00B604E3;
					};
				};
			};
			buildConfigurationList = 84B1A78021528F9C00B604E3 /* Build configuration list for PBXProject "Concentration" */;
			compatibilityVersion = "Xcode 9.3";
			developmentRegion = en;
			hasScannedForEncodings = 0;
			knownRegions = (
				en,
				Base,
			);
			mainGroup = 84B1A77C21528F9C00B604E3;
			productRefGroup = 84B1A78621528F9D00B604E3 /* Products */;
			projectDirPath = "";
			projectRoot = "";
			targets = (
				84B1A78421528F9D00B604E3 /* Concentration */,
				84B1A79821528FAD00B604E3 /* ConcentrationTests */,
				84B1A7A321528FAD00B604E3 /* ConcentrationUITests */,
			);
		};
/* End PBXProject section */

/* Begin PBXResourcesBuildPhase section */
		84B1A78321528F9D00B604E3 /* Resources */ = {
			isa = PBXResourcesBuildPhase;
			buildActionMask = 2147483647;
			files = (
				84B1A79321528FAD00B604E3 /* LaunchScreen.storyboard in Resources */,
				84B1A79021528FAD00B604E3 /* Assets.xcassets in Resources */,
				84B1A78E21528F9D00B604E3 /* Main.storyboard in Resources */,
			);
			runOnlyForDeploymentPostprocessing = 0;
		};
		84B1A79721528FAD00B604E3 /* Resources */ = {
			isa = PBXResourcesBuildPhase;
			buildActionMask = 2147483647;
			files = (
			);
			runOnlyForDeploymentPostprocessing = 0;
		};
		84B1A7A221528FAD00B604E3 /* Resources */ = {
			isa = PBXResourcesBuildPhase;
			buildActionMask = 2147483647;
			files = (
			);
			runOnlyForDeploymentPostprocessing = 0;
		};
/* End PBXResourcesBuildPhase section */

/* Begin PBXSourcesBuildPhase section */
		84B1A78121528F9D00B604E3 /* Sources */ = {
			isa = PBXSourcesBuildPhase;
			buildActionMask = 2147483647;
			files = (
				84B1A78B21528F9D00B604E3 /* ViewController.swift in Sources */,
				84C440E22152F1FF00D6DCEE /* Concentration.swift in Sources */,
				84C440E02152EAFA00D6DCEE /* Card.swift in Sources */,
				84B1A78921528F9D00B604E3 /* AppDelegate.swift in Sources */,
			);
			runOnlyForDeploymentPostprocessing = 0;
		};
		84B1A79521528FAD00B604E3 /* Sources */ = {
			isa = PBXSourcesBuildPhase;
			buildActionMask = 2147483647;
			files = (
				84B1A79E21528FAD00B604E3 /* ConcentrationTests.swift in Sources */,
			);
			runOnlyForDeploymentPostprocessing = 0;
		};
		84B1A7A021528FAD00B604E3 /* Sources */ = {
			isa = PBXSourcesBuildPhase;
			buildActionMask = 2147483647;
			files = (
				84B1A7A921528FAD00B604E3 /* ConcentrationUITests.swift in Sources */,
			);
			runOnlyForDeploymentPostprocessing = 0;
		};
/* End PBXSourcesBuildPhase section */

/* Begin PBXTargetDependency section */
		84B1A79B21528FAD00B604E3 /* PBXTargetDependency */ = {
			isa = PBXTargetDependency;
			target = 84B1A78421528F9D00B604E3 /* Concentration */;
			targetProxy = 84B1A79A21528FAD00B604E3 /* PBXContainerItemProxy */;
		};
		84B1A7A621528FAD00B604E3 /* PBXTargetDependency */ = {
			isa = PBXTargetDependency;
			target = 84B1A78421528F9D00B604E3 /* Concentration */;
			targetProxy = 84B1A7A521528FAD00B604E3 /* PBXContainerItemProxy */;
		};
/* End PBXTargetDependency section */

/* Begin PBXVariantGroup section */
		84B1A78C21528F9D00B604E3 /* Main.storyboard */ = {
			isa = PBXVariantGroup;
			children = (
				84B1A78D21528F9D00B604E3 /* Base */,
			);
			name = Main.storyboard;
			sourceTree = "<group>";
		};
		84B1A79121528FAD00B604E3 /* LaunchScreen.storyboard */ = {
			isa = PBXVariantGroup;
			children = (
				84B1A79221528FAD00B604E3 /* Base */,
			);
			name = LaunchScreen.storyboard;
			sourceTree = "<group>";
		};
/* End PBXVariantGroup section */

/* Begin XCBuildConfiguration section */
		84B1A7AB21528FAD00B604E3 /* Debug */ = {
			isa = XCBuildConfiguration;
			buildSettings = {
				ALWAYS_SEARCH_USER_PATHS = NO;
				CLANG_ANALYZER_NONNULL = YES;
				CLANG_ANALYZER_NUMBER_OBJECT_CONVERSION = YES_AGGRESSIVE;
				CLANG_CXX_LANGUAGE_STANDARD = "gnu++14";
				CLANG_CXX_LIBRARY = "libc++";
				CLANG_ENABLE_MODULES = YES;
				CLANG_ENABLE_OBJC_ARC = YES;
				CLANG_ENABLE_OBJC_WEAK = YES;
				CLANG_WARN_BLOCK_CAPTURE_AUTORELEASING = YES;
				CLANG_WARN_BOOL_CONVERSION = YES;
				CLANG_WARN_COMMA = YES;
				CLANG_WARN_CONSTANT_CONVERSION = YES;
				CLANG_WARN_DEPRECATED_OBJC_IMPLEMENTATIONS = YES;
				CLANG_WARN_DIRECT_OBJC_ISA_USAGE = YES_ERROR;
				CLANG_WARN_DOCUMENTATION_COMMENTS = YES;
				CLANG_WARN_EMPTY_BODY = YES;
				CLANG_WARN_ENUM_CONVERSION = YES;
				CLANG_WARN_INFINITE_RECURSION = YES;
				CLANG_WARN_INT_CONVERSION = YES;
				CLANG_WARN_NON_LITERAL_NULL_CONVERSION = YES;
				CLANG_WARN_OBJC_IMPLICIT_RETAIN_SELF = YES;
				CLANG_WARN_OBJC_LITERAL_CONVERSION = YES;
				CLANG_WARN_OBJC_ROOT_CLASS = YES_ERROR;
				CLANG_WARN_RANGE_LOOP_ANALYSIS = YES;
				CLANG_WARN_STRICT_PROTOTYPES = YES;
				CLANG_WARN_SUSPICIOUS_MOVE = YES;
				CLANG_WARN_UNGUARDED_AVAILABILITY = YES_AGGRESSIVE;
				CLANG_WARN_UNREACHABLE_CODE = YES;
				CLANG_WARN__DUPLICATE_METHOD_MATCH = YES;
				CODE_SIGN_IDENTITY = "iPhone Developer";
				COPY_PHASE_STRIP = NO;
				DEBUG_INFORMATION_FORMAT = dwarf;
				ENABLE_STRICT_OBJC_MSGSEND = YES;
				ENABLE_TESTABILITY = YES;
				GCC_C_LANGUAGE_STANDARD = gnu11;
				GCC_DYNAMIC_NO_PIC = NO;
				GCC_NO_COMMON_BLOCKS = YES;
				GCC_OPTIMIZATION_LEVEL = 0;
				GCC_PREPROCESSOR_DEFINITIONS = (
					"DEBUG=1",
					"$(inherited)",
				);
				GCC_WARN_64_TO_32_BIT_CONVERSION = YES;
				GCC_WARN_ABOUT_RETURN_TYPE = YES_ERROR;
				GCC_WARN_UNDECLARED_SELECTOR = YES;
				GCC_WARN_UNINITIALIZED_AUTOS = YES_AGGRESSIVE;
				GCC_WARN_UNUSED_FUNCTION = YES;
				GCC_WARN_UNUSED_VARIABLE = YES;
				IPHONEOS_DEPLOYMENT_TARGET = 11.3;
				MTL_ENABLE_DEBUG_INFO = YES;
				ONLY_ACTIVE_ARCH = YES;
				SDKROOT = iphoneos;
				SWIFT_ACTIVE_COMPILATION_CONDITIONS = DEBUG;
				SWIFT_OPTIMIZATION_LEVEL = "-Onone";
			};
			name = Debug;
		};
		84B1A7AC21528FAD00B604E3 /* Release */ = {
			isa = XCBuildConfiguration;
			buildSettings = {
				ALWAYS_SEARCH_USER_PATHS = NO;
				CLANG_ANALYZER_NONNULL = YES;
				CLANG_ANALYZER_NUMBER_OBJECT_CONVERSION = YES_AGGRESSIVE;
				CLANG_CXX_LANGUAGE_STANDARD = "gnu++14";
				CLANG_CXX_LIBRARY = "libc++";
				CLANG_ENABLE_MODULES = YES;
				CLANG_ENABLE_OBJC_ARC = YES;
				CLANG_ENABLE_OBJC_WEAK = YES;
				CLANG_WARN_BLOCK_CAPTURE_AUTORELEASING = YES;
				CLANG_WARN_BOOL_CONVERSION = YES;
				CLANG_WARN_COMMA = YES;
				CLANG_WARN_CONSTANT_CONVERSION = YES;
				CLANG_WARN_DEPRECATED_OBJC_IMPLEMENTATIONS = YES;
				CLANG_WARN_DIRECT_OBJC_ISA_USAGE = YES_ERROR;
				CLANG_WARN_DOCUMENTATION_COMMENTS = YES;
				CLANG_WARN_EMPTY_BODY = YES;
				CLANG_WARN_ENUM_CONVERSION = YES;
				CLANG_WARN_INFINITE_RECURSION = YES;
				CLANG_WARN_INT_CONVERSION = YES;
				CLANG_WARN_NON_LITERAL_NULL_CONVERSION = YES;
				CLANG_WARN_OBJC_IMPLICIT_RETAIN_SELF = YES;
				CLANG_WARN_OBJC_LITERAL_CONVERSION = YES;
				CLANG_WARN_OBJC_ROOT_CLASS = YES_ERROR;
				CLANG_WARN_RANGE_LOOP_ANALYSIS = YES;
				CLANG_WARN_STRICT_PROTOTYPES = YES;
				CLANG_WARN_SUSPICIOUS_MOVE = YES;
				CLANG_WARN_UNGUARDED_AVAILABILITY = YES_AGGRESSIVE;
				CLANG_WARN_UNREACHABLE_CODE = YES;
				CLANG_WARN__DUPLICATE_METHOD_MATCH = YES;
				CODE_SIGN_IDENTITY = "iPhone Developer";
				COPY_PHASE_STRIP = NO;
				DEBUG_INFORMATION_FORMAT = "dwarf-with-dsym";
				ENABLE_NS_ASSERTIONS = NO;
				ENABLE_STRICT_OBJC_MSGSEND = YES;
				GCC_C_LANGUAGE_STANDARD = gnu11;
				GCC_NO_COMMON_BLOCKS = YES;
				GCC_WARN_64_TO_32_BIT_CONVERSION = YES;
				GCC_WARN_ABOUT_RETURN_TYPE = YES_ERROR;
				GCC_WARN_UNDECLARED_SELECTOR = YES;
				GCC_WARN_UNINITIALIZED_AUTOS = YES_AGGRESSIVE;
				GCC_WARN_UNUSED_FUNCTION = YES;
				GCC_WARN_UNUSED_VARIABLE = YES;
				IPHONEOS_DEPLOYMENT_TARGET = 11.3;
				MTL_ENABLE_DEBUG_INFO = NO;
				SDKROOT = iphoneos;
				SWIFT_COMPILATION_MODE = wholemodule;
				SWIFT_OPTIMIZATION_LEVEL = "-O";
				VALIDATE_PRODUCT = YES;
			};
			name = Release;
		};
		84B1A7AE21528FAD00B604E3 /* Debug */ = {
			isa = XCBuildConfiguration;
			buildSettings = {
				ASSETCATALOG_COMPILER_APPICON_NAME = AppIcon;
				CODE_SIGN_STYLE = Automatic;
				DEVELOPMENT_TEAM = WF5ZR7PFVX;
				INFOPLIST_FILE = Concentration/Info.plist;
				IPHONEOS_DEPLOYMENT_TARGET = 11.0;
				LD_RUNPATH_SEARCH_PATHS = (
					"$(inherited)",
					"@executable_path/Frameworks",
				);
				PRODUCT_BUNDLE_IDENTIFIER = CMP430.Swift.Concentration;
				PRODUCT_NAME = "$(TARGET_NAME)";
				SWIFT_VERSION = 4.0;
				TARGETED_DEVICE_FAMILY = "1,2";
			};
			name = Debug;
		};
		84B1A7AF21528FAD00B604E3 /* Release */ = {
			isa = XCBuildConfiguration;
			buildSettings = {
				ASSETCATALOG_COMPILER_APPICON_NAME = AppIcon;
				CODE_SIGN_STYLE = Automatic;
				DEVELOPMENT_TEAM = WF5ZR7PFVX;
				INFOPLIST_FILE = Concentration/Info.plist;
				IPHONEOS_DEPLOYMENT_TARGET = 11.0;
				LD_RUNPATH_SEARCH_PATHS = (
					"$(inherited)",
					"@executable_path/Frameworks",
				);
				PRODUCT_BUNDLE_IDENTIFIER = CMP430.Swift.Concentration;
				PRODUCT_NAME = "$(TARGET_NAME)";
				SWIFT_VERSION = 4.0;
				TARGETED_DEVICE_FAMILY = "1,2";
			};
			name = Release;
		};
		84B1A7B121528FAD00B604E3 /* Debug */ = {
			isa = XCBuildConfiguration;
			buildSettings = {
				ALWAYS_EMBED_SWIFT_STANDARD_LIBRARIES = YES;
				BUNDLE_LOADER = "$(TEST_HOST)";
				CODE_SIGN_STYLE = Automatic;
				DEVELOPMENT_TEAM = WF5ZR7PFVX;
				INFOPLIST_FILE = ConcentrationTests/Info.plist;
				LD_RUNPATH_SEARCH_PATHS = (
					"$(inherited)",
					"@executable_path/Frameworks",
					"@loader_path/Frameworks",
				);
				PRODUCT_BUNDLE_IDENTIFIER = CMP430.Swift.ConcentrationTests;
				PRODUCT_NAME = "$(TARGET_NAME)";
				SWIFT_VERSION = 4.0;
				TARGETED_DEVICE_FAMILY = "1,2";
				TEST_HOST = "$(BUILT_PRODUCTS_DIR)/Concentration.app/Concentration";
			};
			name = Debug;
		};
		84B1A7B221528FAD00B604E3 /* Release */ = {
			isa = XCBuildConfiguration;
			buildSettings = {
				ALWAYS_EMBED_SWIFT_STANDARD_LIBRARIES = YES;
				BUNDLE_LOADER = "$(TEST_HOST)";
				CODE_SIGN_STYLE = Automatic;
				DEVELOPMENT_TEAM = WF5ZR7PFVX;
				INFOPLIST_FILE = ConcentrationTests/Info.plist;
				LD_RUNPATH_SEARCH_PATHS = (
					"$(inherited)",
					"@executable_path/Frameworks",
					"@loader_path/Frameworks",
				);
				PRODUCT_BUNDLE_IDENTIFIER = CMP430.Swift.ConcentrationTests;
				PRODUCT_NAME = "$(TARGET_NAME)";
				SWIFT_VERSION = 4.0;
				TARGETED_DEVICE_FAMILY = "1,2";
				TEST_HOST = "$(BUILT_PRODUCTS_DIR)/Concentration.app/Concentration";
			};
			name = Release;
		};
		84B1A7B421528FAD00B604E3 /* Debug */ = {
			isa = XCBuildConfiguration;
			buildSettings = {
				ALWAYS_EMBED_SWIFT_STANDARD_LIBRARIES = YES;
				CODE_SIGN_STYLE = Automatic;
				DEVELOPMENT_TEAM = WF5ZR7PFVX;
				INFOPLIST_FILE = ConcentrationUITests/Info.plist;
				LD_RUNPATH_SEARCH_PATHS = (
					"$(inherited)",
					"@executable_path/Frameworks",
					"@loader_path/Frameworks",
				);
				PRODUCT_BUNDLE_IDENTIFIER = CMP430.Swift.ConcentrationUITests;
				PRODUCT_NAME = "$(TARGET_NAME)";
				SWIFT_VERSION = 4.0;
				TARGETED_DEVICE_FAMILY = "1,2";
				TEST_TARGET_NAME = Concentration;
			};
			name = Debug;
		};
		84B1A7B521528FAD00B604E3 /* Release */ = {
			isa = XCBuildConfiguration;
			buildSettings = {
				ALWAYS_EMBED_SWIFT_STANDARD_LIBRARIES = YES;
				CODE_SIGN_STYLE = Automatic;
				DEVELOPMENT_TEAM = WF5ZR7PFVX;
				INFOPLIST_FILE = ConcentrationUITests/Info.plist;
				LD_RUNPATH_SEARCH_PATHS = (
					"$(inherited)",
					"@executable_path/Frameworks",
					"@loader_path/Frameworks",
				);
				PRODUCT_BUNDLE_IDENTIFIER = CMP430.Swift.ConcentrationUITests;
				PRODUCT_NAME = "$(TARGET_NAME)";
				SWIFT_VERSION = 4.0;
				TARGETED_DEVICE_FAMILY = "1,2";
				TEST_TARGET_NAME = Concentration;
			};
			name = Release;
		};
/* End XCBuildConfiguration section */

/* Begin XCConfigurationList section */
		84B1A78021528F9C00B604E3 /* Build configuration list for PBXProject "Concentration" */ = {
			isa = XCConfigurationList;
			buildConfigurations = (
				84B1A7AB21528FAD00B604E3 /* Debug */,
				84B1A7AC21528FAD00B604E3 /* Release */,
			);
			defaultConfigurationIsVisible = 0;
			defaultConfigurationName = Release;
		};
		84B1A7AD21528FAD00B604E3 /* Build configuration list for PBXNativeTarget "Concentration" */ = {
			isa = XCConfigurationList;
			buildConfigurations = (
				84B1A7AE21528FAD00B604E3 /* Debug */,
				84B1A7AF21528FAD00B604E3 /* Release */,
			);
			defaultConfigurationIsVisible = 0;
			defaultConfigurationName = Release;
		};
		84B1A7B021528FAD00B604E3 /* Build configuration list for PBXNativeTarget "ConcentrationTests" */ = {
			isa = XCConfigurationList;
			buildConfigurations = (
				84B1A7B121528FAD00B604E3 /* Debug */,
				84B1A7B221528FAD00B604E3 /* Release */,
			);
			defaultConfigurationIsVisible = 0;
			defaultConfigurationName = Release;
		};
		84B1A7B321528FAD00B604E3 /* Build configuration list for PBXNativeTarget "ConcentrationUITests" */ = {
			isa = XCConfigurationList;
			buildConfigurations = (
				84B1A7B421528FAD00B604E3 /* Debug */,
				84B1A7B521528FAD00B604E3 /* Release */,
			);
			defaultConfigurationIsVisible = 0;
			defaultConfigurationName = Release;
		};
/* End XCConfigurationList section */
	};
	rootObject = 84B1A77D21528F9C00B604E3 /* Project object */;
}
